
Microsoft Visual Studio Solution File, Format Version 12.00
# Visual Studio Version 17
VisualStudioVersion = 17.0.31903.59
MinimumVisualStudioVersion = 10.0.40219.1
Project("{2150E333-8FDC-42A3-9474-1A3956D46DE8}") = "src", "src", "{827E0CD3-B72D-47B6-A68D-7590B98EB39B}"
EndProject
Project("{FAE04EC0-301F-11D3-BF4B-00C04F79EFBC}") = "KF.Metrics", "src\KF.Metrics\KF.Metrics.csproj", "{5A533846-CE69-4BA8-A9B4-61D4035968C4}"
EndProject
Project("{2150E333-8FDC-42A3-9474-1A3956D46DE8}") = "tst", "tst", "{927D5C5A-C3F5-A059-FD9E-09B4C1EC2C3D}"
EndProject
Project("{FAE04EC0-301F-11D3-BF4B-00C04F79EFBC}") = "KF.Metrics.Tests", "tst\KF.Metrics.Tests\KF.Metrics.Tests.csproj", "{57CB8F65-4503-49E5-A60B-7C401A599CC2}"
EndProject
Project("{FAE04EC0-301F-11D3-BF4B-00C04F79EFBC}") = "KF.Metrics.Benchmarks", "tst\KF.Metrics.Benchmarks\KF.Metrics.Benchmarks.csproj", "{D6236B6E-A6CA-40DD-92C0-C155FC27872E}"
EndProject
Global
	GlobalSection(SolutionConfigurationPlatforms) = preSolution
		Debug|Any CPU = Debug|Any CPU
		Debug|x64 = Debug|x64
		Debug|x86 = Debug|x86
		Release|Any CPU = Release|Any CPU
		Release|x64 = Release|x64
		Release|x86 = Release|x86
	EndGlobalSection
	GlobalSection(ProjectConfigurationPlatforms) = postSolution
		{5A533846-CE69-4BA8-A9B4-61D4035968C4}.Debug|Any CPU.ActiveCfg = Debug|Any CPU
		{5A533846-CE69-4BA8-A9B4-61D4035968C4}.Debug|Any CPU.Build.0 = Debug|Any CPU
		{5A533846-CE69-4BA8-A9B4-61D4035968C4}.Debug|x64.ActiveCfg = Debug|Any CPU
		{5A533846-CE69-4BA8-A9B4-61D4035968C4}.Debug|x64.Build.0 = Debug|Any CPU
		{5A533846-CE69-4BA8-A9B4-61D4035968C4}.Debug|x86.ActiveCfg = Debug|Any CPU
		{5A533846-CE69-4BA8-A9B4-61D4035968C4}.Debug|x86.Build.0 = Debug|Any CPU
		{5A533846-CE69-4BA8-A9B4-61D4035968C4}.Release|Any CPU.ActiveCfg = Release|Any CPU
		{5A533846-CE69-4BA8-A9B4-61D4035968C4}.Release|Any CPU.Build.0 = Release|Any CPU
		{5A533846-CE69-4BA8-A9B4-61D4035968C4}.Release|x64.ActiveCfg = Release|Any CPU
		{5A533846-CE69-4BA8-A9B4-61D4035968C4}.Release|x64.Build.0 = Release|Any CPU
		{5A533846-CE69-4BA8-A9B4-61D4035968C4}.Release|x86.ActiveCfg = Release|Any CPU
		{5A533846-CE69-4BA8-A9B4-61D4035968C4}.Release|x86.Build.0 = Release|Any CPU
		{57CB8F65-4503-49E5-A60B-7C401A599CC2}.Debug|Any CPU.ActiveCfg = Debug|Any CPU
		{57CB8F65-4503-49E5-A60B-7C401A599CC2}.Debug|Any CPU.Build.0 = Debug|Any CPU
		{57CB8F65-4503-49E5-A60B-7C401A599CC2}.Debug|x64.ActiveCfg = Debug|Any CPU
		{57CB8F65-4503-49E5-A60B-7C401A599CC2}.Debug|x64.Build.0 = Debug|Any CPU
		{57CB8F65-4503-49E5-A60B-7C401A599CC2}.Debug|x86.ActiveCfg = Debug|Any CPU
		{57CB8F65-4503-49E5-A60B-7C401A599CC2}.Debug|x86.Build.0 = Debug|Any CPU
		{57CB8F65-4503-49E5-A60B-7C401A599CC2}.Release|Any CPU.ActiveCfg = Release|Any CPU
		{57CB8F65-4503-49E5-A60B-7C401A599CC2}.Release|Any CPU.Build.0 = Release|Any CPU
		{57CB8F65-4503-49E5-A60B-7C401A599CC2}.Release|x64.ActiveCfg = Release|Any CPU
		{57CB8F65-4503-49E5-A60B-7C401A599CC2}.Release|x64.Build.0 = Release|Any CPU
		{57CB8F65-4503-49E5-A60B-7C401A599CC2}.Release|x86.ActiveCfg = Release|Any CPU
		{57CB8F65-4503-49E5-A60B-7C401A599CC2}.Release|x86.Build.0 = Release|Any CPU
		{D6236B6E-A6CA-40DD-92C0-C155FC27872E}.Debug|Any CPU.ActiveCfg = Debug|Any CPU
		{D6236B6E-A6CA-40DD-92C0-C155FC27872E}.Debug|Any CPU.Build.0 = Debug|Any CPU
		{D6236B6E-A6CA-40DD-92C0-C155FC27872E}.Debug|x64.ActiveCfg = Debug|Any CPU
		{D6236B6E-A6CA-40DD-92C0-C155FC27872E}.Debug|x64.Build.0 = Debug|Any CPU
		{D6236B6E-A6CA-40DD-92C0-C155FC27872E}.Debug|x86.ActiveCfg = Debug|Any CPU
		{D6236B6E-A6CA-40DD-92C0-C155FC27872E}.Debug|x86.Build.0 = Debug|Any CPU
		{D6236B6E-A6CA-40DD-92C0-C155FC27872E}.Release|Any CPU.ActiveCfg = Release|Any CPU
		{D6236B6E-A6CA-40DD-92C0-C155FC27872E}.Release|Any CPU.Build.0 = Release|Any CPU
		{D6236B6E-A6CA-40DD-92C0-C155FC27872E}.Release|x64.ActiveCfg = Release|Any CPU
		{D6236B6E-A6CA-40DD-92C0-C155FC27872E}.Release|x64.Build.0 = Release|Any CPU
		{D6236B6E-A6CA-40DD-92C0-C155FC27872E}.Release|x86.ActiveCfg = Release|Any CPU
		{D6236B6E-A6CA-40DD-92C0-C155FC27872E}.Release|x86.Build.0 = Release|Any CPU
	EndGlobalSection
	GlobalSection(SolutionProperties) = preSolution
		HideSolutionNode = FALSE
	EndGlobalSection
	GlobalSection(NestedProjects) = preSolution
		{5A533846-CE69-4BA8-A9B4-61D4035968C4} = {827E0CD3-B72D-47B6-A68D-7590B98EB39B}
		{57CB8F65-4503-49E5-A60B-7C401A599CC2} = {927D5C5A-C3F5-A059-FD9E-09B4C1EC2C3D}
		{D6236B6E-A6CA-40DD-92C0-C155FC27872E} = {927D5C5A-C3F5-A059-FD9E-09B4C1EC2C3D}
	EndGlobalSection
EndGlobal
